
Microsoft Visual Studio Solution File, Format Version 12.00
# Visual Studio Version 17
VisualStudioVersion = 17.0.31912.275
MinimumVisualStudioVersion = 10.0.40219.1
Project("{9A19103F-16F7-4668-BE54-9A1E7A4F7556}") = "MvcWebUI", "MvcWebUI\MvcWebUI.csproj", "{1EC504C8-194F-4BC8-A91D-71F51F5B0AF4}"
EndProject
Project("{9A19103F-16F7-4668-BE54-9A1E7A4F7556}") = "AppCore", "AppCore\AppCore.csproj", "{1806498D-704B-4D1F-BF65-9B314F0FECA5}"
EndProject
Project("{FAE04EC0-301F-11D3-BF4B-00C04F79EFBC}") = "DataAccess", "DataAccess\DataAccess.csproj", "{1A8272BE-8C69-4596-A166-30CE826D89DA}"
EndProject
Global
	GlobalSection(SolutionConfigurationPlatforms) = preSolution
		Debug|Any CPU = Debug|Any CPU
		Release|Any CPU = Release|Any CPU
	EndGlobalSection
	GlobalSection(ProjectConfigurationPlatforms) = postSolution
		{1EC504C8-194F-4BC8-A91D-71F51F5B0AF4}.Debug|Any CPU.ActiveCfg = Debug|Any CPU
		{1EC504C8-194F-4BC8-A91D-71F51F5B0AF4}.Debug|Any CPU.Build.0 = Debug|Any CPU
		{1EC504C8-194F-4BC8-A91D-71F51F5B0AF4}.Release|Any CPU.ActiveCfg = Release|Any CPU
		{1EC504C8-194F-4BC8-A91D-71F51F5B0AF4}.Release|Any CPU.Build.0 = Release|Any CPU
		{1806498D-704B-4D1F-BF65-9B314F0FECA5}.Debug|Any CPU.ActiveCfg = Debug|Any CPU
		{1806498D-704B-4D1F-BF65-9B314F0FECA5}.Debug|Any CPU.Build.0 = Debug|Any CPU
		{1806498D-704B-4D1F-BF65-9B314F0FECA5}.Release|Any CPU.ActiveCfg = Release|Any CPU
		{1806498D-704B-4D1F-BF65-9B314F0FECA5}.Release|Any CPU.Build.0 = Release|Any CPU
		{1A8272BE-8C69-4596-A166-30CE826D89DA}.Debug|Any CPU.ActiveCfg = Debug|Any CPU
		{1A8272BE-8C69-4596-A166-30CE826D89DA}.Debug|Any CPU.Build.0 = Debug|Any CPU
		{1A8272BE-8C69-4596-A166-30CE826D89DA}.Release|Any CPU.ActiveCfg = Release|Any CPU
		{1A8272BE-8C69-4596-A166-30CE826D89DA}.Release|Any CPU.Build.0 = Release|Any CPU
	EndGlobalSection
	GlobalSection(SolutionProperties) = preSolution
		HideSolutionNode = FALSE
	EndGlobalSection
	GlobalSection(ExtensibilityGlobals) = postSolution
		SolutionGuid = {3B134162-B48A-4354-B188-082351CDC090}
	EndGlobalSection
EndGlobal
